Microsoft Visual Studio Solution File, Format Version 9.00
# Visual Studio 2005
Project("{2150E333-8FDC-42A3-9474-1A3956D46DE8}") = "ProgrammersGuide", "ProgrammersGuide", "{CAC6624D-89D6-4FA1-B476-AE174A140C58}"
EndProject
Project("{2150E333-8FDC-42A3-9474-1A3956D46DE8}") = "WorkingWithBarcodeImage", "WorkingWithBarcodeImage", "{87614FD7-6513-4D17-A5FF-8C64CA7B0B66}"
EndProject
Project("{2150E333-8FDC-42A3-9474-1A3956D46DE8}") = "BarcodeImageUtilityFeatures", "BarcodeImageUtilityFeatures", "{123A6058-97B9-4C93-B575-75B2BBAE3CEF}"
EndProject
Project("{FAE04EC0-301F-11D3-BF4B-00C04F79EFBC}") = "SaveBarcodeImagesToDifferentFormats", "ProgrammersGuide\WorkingWithBarcodeImage\BarcodeImageUtilityFeatures\SaveBarcodeImagesToDifferentFormats\VisualBasic\SaveBarcodeImagesToDifferentFormats.vbproj", "{FAF58CC6-5B2A-4450-AF25-EB90CBFD68D7}"
EndProject
Project("{2150E333-8FDC-42A3-9474-1A3956D46DE8}") = "WorkingWithBarcode", "WorkingWithBarcode", "{066E609F-ECF8-462A-9B13-E5987DD1DE16}"
EndProject
Project("{2150E333-8FDC-42A3-9474-1A3956D46DE8}") = "BarcodeUtilityFeatures", "BarcodeUtilityFeatures", "{38C3B1E1-C42B-49E5-95AE-158F2CAA274C}"
EndProject
Project("{FAE04EC0-301F-11D3-BF4B-00C04F79EFBC}") = "ControlAppearanceOfCodeText", "ProgrammersGuide\WorkingWithBarcode\BarcodeUtilityFeatures\ControlAppearanceOfCodeText\VisualBasic\ControlAppearanceOfCodeText.vbproj", "{8705B1D1-FC08-4D39-983D-5D85A2CAF918}"
EndProject
Project("{FAE04EC0-301F-11D3-BF4B-00C04F79EFBC}") = "ManageCaptionOfBarcode", "ProgrammersGuide\WorkingWithBarcode\BarcodeUtilityFeatures\ManageCaptionOfBarcode\VisualBasic\ManageCaptionOfBarcode.vbproj", "{2DC27675-8DC8-4F24-B2A2-F9E81A4C8EB2}"
EndProject
Project("{2150E333-8FDC-42A3-9474-1A3956D46DE8}") = "BarcodeAdvancedFeatures", "BarcodeAdvancedFeatures", "{D399C59F-82EC-4A24-BA8B-307D27CC7315}"
EndProject
Project("{FAE04EC0-301F-11D3-BF4B-00C04F79EFBC}") = "SetHeightBarcodeBars", "ProgrammersGuide\WorkingWithBarcode\BarcodeAdvancedFeatures\SetHeightBarcodeBars\VisualBasic\SetHeightBarcodeBars.vbproj", "{29BE6BA4-5394-4C0A-A7F3-45174B420E01}"
EndProject
Project("{FAE04EC0-301F-11D3-BF4B-00C04F79EFBC}") = "ManageXYDimension", "ProgrammersGuide\WorkingWithBarcode\BarcodeAdvancedFeatures\ManageXYDimension\VisualBasic\ManageXYDimension.vbproj", "{2B3783BF-1B0E-4EA1-9496-6CBFBA6CDBD5}"
EndProject
Project("{FAE04EC0-301F-11D3-BF4B-00C04F79EFBC}") = "WideNarrowRatio", "ProgrammersGuide\WorkingWithBarcode\BarcodeAdvancedFeatures\WideNarrowRatio\VisualBasic\WideNarrowRatio.vbproj", "{7D5959D8-7933-4A8C-8078-CB2667D3C77E}"
EndProject
Project("{2150E333-8FDC-42A3-9474-1A3956D46DE8}") = "KnowledgeBase", "KnowledgeBase", "{B316EEDA-9DBE-418C-90B3-C7EE0A0A9370}"
EndProject
Project("{2150E333-8FDC-42A3-9474-1A3956D46DE8}") = "TechnicalArticles", "TechnicalArticles", "{2DA379C7-7F5B-41DC-8607-92CFAE7EF318}"
EndProject
Project("{2150E333-8FDC-42A3-9474-1A3956D46DE8}") = "IntegrationWithAsposeComponents", "IntegrationWithAsposeComponents", "{5AE9CDA6-ABFB-4D70-968F-45FBFB52FD2C}"
EndProject
Project("{FAE04EC0-301F-11D3-BF4B-00C04F79EFBC}") = "IntegrateWithAsposeWords", "KnowledgeBase\TechnicalArticles\IntegrationWithAsposeComponents\IntegrateWithAsposeWords\VisualBasic\IntegrateWithAsposeWords.vbproj", "{4DEA0A10-AF02-490E-9AEC-0E90E6F0C371}"
EndProject
Project("{FAE04EC0-301F-11D3-BF4B-00C04F79EFBC}") = "RecognizeBarcodeFromPdf", "KnowledgeBase\TechnicalArticles\IntegrationWithAsposeComponents\RecognizeBarcodeFromPdf\VisualBasic\RecognizeBarcodeFromPdf.vbproj", "{8F2E6D0D-822E-45F7-8B81-6A46D847D187}"
EndProject
Global
	GlobalSection(SolutionConfigurationPlatforms) = preSolution
		Debug|Any CPU = Debug|Any CPU
		Release|Any CPU = Release|Any CPU
	EndGlobalSection
	GlobalSection(ProjectConfigurationPlatforms) = postSolution
		{FAF58CC6-5B2A-4450-AF25-EB90CBFD68D7}.Debug|Any CPU.ActiveCfg = Debug|Any CPU
		{FAF58CC6-5B2A-4450-AF25-EB90CBFD68D7}.Debug|Any CPU.Build.0 = Debug|Any CPU
		{FAF58CC6-5B2A-4450-AF25-EB90CBFD68D7}.Release|Any CPU.ActiveCfg = Release|Any CPU
		{8705B1D1-FC08-4D39-983D-5D85A2CAF918}.Debug|Any CPU.ActiveCfg = Debug|Any CPU
		{8705B1D1-FC08-4D39-983D-5D85A2CAF918}.Debug|Any CPU.Build.0 = Debug|Any CPU
		{8705B1D1-FC08-4D39-983D-5D85A2CAF918}.Release|Any CPU.ActiveCfg = Release|Any CPU
		{2DC27675-8DC8-4F24-B2A2-F9E81A4C8EB2}.Debug|Any CPU.ActiveCfg = Debug|Any CPU
		{2DC27675-8DC8-4F24-B2A2-F9E81A4C8EB2}.Debug|Any CPU.Build.0 = Debug|Any CPU
		{2DC27675-8DC8-4F24-B2A2-F9E81A4C8EB2}.Release|Any CPU.ActiveCfg = Release|Any CPU
		{29BE6BA4-5394-4C0A-A7F3-45174B420E01}.Debug|Any CPU.ActiveCfg = Debug|Any CPU
		{29BE6BA4-5394-4C0A-A7F3-45174B420E01}.Debug|Any CPU.Build.0 = Debug|Any CPU
		{29BE6BA4-5394-4C0A-A7F3-45174B420E01}.Release|Any CPU.ActiveCfg = Release|Any CPU
		{2B3783BF-1B0E-4EA1-9496-6CBFBA6CDBD5}.Debug|Any CPU.ActiveCfg = Debug|Any CPU
		{2B3783BF-1B0E-4EA1-9496-6CBFBA6CDBD5}.Debug|Any CPU.Build.0 = Debug|Any CPU
		{2B3783BF-1B0E-4EA1-9496-6CBFBA6CDBD5}.Release|Any CPU.ActiveCfg = Release|Any CPU
		{7D5959D8-7933-4A8C-8078-CB2667D3C77E}.Debug|Any CPU.ActiveCfg = Debug|Any CPU
		{7D5959D8-7933-4A8C-8078-CB2667D3C77E}.Debug|Any CPU.Build.0 = Debug|Any CPU
		{7D5959D8-7933-4A8C-8078-CB2667D3C77E}.Release|Any CPU.ActiveCfg = Release|Any CPU
		{4DEA0A10-AF02-490E-9AEC-0E90E6F0C371}.Debug|Any CPU.ActiveCfg = Debug|Any CPU
		{4DEA0A10-AF02-490E-9AEC-0E90E6F0C371}.Debug|Any CPU.Build.0 = Debug|Any CPU
		{4DEA0A10-AF02-490E-9AEC-0E90E6F0C371}.Release|Any CPU.ActiveCfg = Release|Any CPU
		{8F2E6D0D-822E-45F7-8B81-6A46D847D187}.Debug|Any CPU.ActiveCfg = Debug|Any CPU
		{8F2E6D0D-822E-45F7-8B81-6A46D847D187}.Debug|Any CPU.Build.0 = Debug|Any CPU
		{8F2E6D0D-822E-45F7-8B81-6A46D847D187}.Release|Any CPU.ActiveCfg = Release|Any CPU
		{F90430BF-47A8-4A98-8B18-B4F6844F77A3}.Debug|Any CPU.ActiveCfg = Debug|Any CPU
		{F90430BF-47A8-4A98-8B18-B4F6844F77A3}.Debug|Any CPU.Build.0 = Debug|Any CPU
		{F90430BF-47A8-4A98-8B18-B4F6844F77A3}.Release|Any CPU.ActiveCfg = Release|Any CPU
	EndGlobalSection
	GlobalSection(SolutionProperties) = preSolution
		HideSolutionNode = FALSE
	EndGlobalSection
	GlobalSection(NestedProjects) = preSolution
		{87614FD7-6513-4D17-A5FF-8C64CA7B0B66} = {CAC6624D-89D6-4FA1-B476-AE174A140C58}
		{123A6058-97B9-4C93-B575-75B2BBAE3CEF} = {87614FD7-6513-4D17-A5FF-8C64CA7B0B66}
		{FAF58CC6-5B2A-4450-AF25-EB90CBFD68D7} = {123A6058-97B9-4C93-B575-75B2BBAE3CEF}
		{066E609F-ECF8-462A-9B13-E5987DD1DE16} = {CAC6624D-89D6-4FA1-B476-AE174A140C58}
		{38C3B1E1-C42B-49E5-95AE-158F2CAA274C} = {066E609F-ECF8-462A-9B13-E5987DD1DE16}
		{8705B1D1-FC08-4D39-983D-5D85A2CAF918} = {38C3B1E1-C42B-49E5-95AE-158F2CAA274C}
		{2DC27675-8DC8-4F24-B2A2-F9E81A4C8EB2} = {38C3B1E1-C42B-49E5-95AE-158F2CAA274C}
		{D399C59F-82EC-4A24-BA8B-307D27CC7315} = {066E609F-ECF8-462A-9B13-E5987DD1DE16}
		{29BE6BA4-5394-4C0A-A7F3-45174B420E01} = {D399C59F-82EC-4A24-BA8B-307D27CC7315}
		{2B3783BF-1B0E-4EA1-9496-6CBFBA6CDBD5} = {D399C59F-82EC-4A24-BA8B-307D27CC7315}
		{7D5959D8-7933-4A8C-8078-CB2667D3C77E} = {D399C59F-82EC-4A24-BA8B-307D27CC7315}
		{2DA379C7-7F5B-41DC-8607-92CFAE7EF318} = {B316EEDA-9DBE-418C-90B3-C7EE0A0A9370}
		{5AE9CDA6-ABFB-4D70-968F-45FBFB52FD2C} = {2DA379C7-7F5B-41DC-8607-92CFAE7EF318}
		{4DEA0A10-AF02-490E-9AEC-0E90E6F0C371} = {5AE9CDA6-ABFB-4D70-968F-45FBFB52FD2C}
		{8F2E6D0D-822E-45F7-8B81-6A46D847D187} = {5AE9CDA6-ABFB-4D70-968F-45FBFB52FD2C}
		{F90430BF-47A8-4A98-8B18-B4F6844F77A3} = {5AE9CDA6-ABFB-4D70-968F-45FBFB52FD2C}
	EndGlobalSection
EndGlobal
