Microsoft Visual Studio Solution File, Format Version 11.00
# Visual Studio 2010
Project("{2150E333-8FDC-42A3-9474-1A3956D46DE8}") = "ProgrammersGuide", "ProgrammersGuide", "{CAC6624D-89D6-4FA1-B476-AE174A140C58}"
EndProject
Project("{2150E333-8FDC-42A3-9474-1A3956D46DE8}") = "WorkingWithBarcodeImage", "WorkingWithBarcodeImage", "{87614FD7-6513-4D17-A5FF-8C64CA7B0B66}"
EndProject
Project("{2150E333-8FDC-42A3-9474-1A3956D46DE8}") = "BarcodeImageUtilityFeatures", "BarcodeImageUtilityFeatures", "{123A6058-97B9-4C93-B575-75B2BBAE3CEF}"
EndProject
Project("{FAE04EC0-301F-11D3-BF4B-00C04F79EFBC}") = "SaveBarcodeImagesToDifferentFormats", "ProgrammersGuide\WorkingWithBarcodeImage\BarcodeImageUtilityFeatures\SaveBarcodeImagesToDifferentFormats\VisualBasic\SaveBarcodeImagesToDifferentFormats.vbproj", "{FAF58CC6-5B2A-4450-AF25-EB90CBFD68D7}"
EndProject
Project("{FAE04EC0-301F-11D3-BF4B-00C04F79EFBC}") = "CustomizeBarcodeImageResolution", "ProgrammersGuide\WorkingWithBarcodeImage\BarcodeImageUtilityFeatures\CustomizeBarcodeImageResolution\VisualBasic\CustomizeBarcodeImageResolution.vbproj", "{2F38D094-0E10-43E4-B2FD-440AC8C1EB83}"
EndProject
Project("{FAE04EC0-301F-11D3-BF4B-00C04F79EFBC}") = "SetSizeUnitForBarcodeImage", "ProgrammersGuide\WorkingWithBarcodeImage\BarcodeImageUtilityFeatures\SetSizeUnitForBarcodeImage\VisualBasic\SetSizeUnitForBarcodeImage.vbproj", "{D9CA0557-DE66-447C-881F-666A119E1079}"
EndProject
Project("{FAE04EC0-301F-11D3-BF4B-00C04F79EFBC}") = "PrintBarcodeImage", "ProgrammersGuide\WorkingWithBarcodeImage\BarcodeImageUtilityFeatures\PrintBarcodeImage\VisualBasic\PrintBarcodeImage.vbproj", "{FF6C08DC-94C8-43B8-A60A-F1A0ECBD4823}"
EndProject
Project("{FAE04EC0-301F-11D3-BF4B-00C04F79EFBC}") = "GenerateBarcodeCustomSize", "ProgrammersGuide\WorkingWithBarcodeImage\BarcodeImageUtilityFeatures\GenerateBarcodeCustomSize\VisualBasic\GenerateBarcodeCustomSize.vbproj", "{232AFB03-A9EE-4BAF-99E6-81D9A2F2CA8F}"
EndProject
Project("{2150E333-8FDC-42A3-9474-1A3956D46DE8}") = "BarcodeImageBasicFeatures", "BarcodeImageBasicFeatures", "{F4CAEB63-281A-4A6A-A708-B5D5C2CBB84B}"
EndProject
Project("{FAE04EC0-301F-11D3-BF4B-00C04F79EFBC}") = "WorkingWithImageBorders", "ProgrammersGuide\WorkingWithBarcodeImage\BarcodeImageBasicFeatures\WorkingWithImageBorders\VisualBasic\WorkingWithImageBorders.vbproj", "{4BB2793F-4F9A-491B-B5AA-837CD18DD02E}"
EndProject
Project("{FAE04EC0-301F-11D3-BF4B-00C04F79EFBC}") = "ColorizeanyPartoftheBarcodeImage", "ProgrammersGuide\WorkingWithBarcodeImage\BarcodeImageBasicFeatures\ColorizeanyPartoftheBarcodeImage\VisualBasic\ColorizeanyPartoftheBarcodeImage.vbproj", "{93E0D2B9-2901-4F6A-AEBD-A012824BFC35}"
EndProject
Project("{FAE04EC0-301F-11D3-BF4B-00C04F79EFBC}") = "RotateBarcodeImage", "ProgrammersGuide\WorkingWithBarcodeImage\BarcodeImageBasicFeatures\RotateBarcodeImage\VisualBasic\RotateBarcodeImage.vbproj", "{D73B0886-5E23-4E1E-9422-2674DA42726F}"
EndProject
Project("{FAE04EC0-301F-11D3-BF4B-00C04F79EFBC}") = "ControlBarcodeImageQuality", "ProgrammersGuide\WorkingWithBarcodeImage\BarcodeImageBasicFeatures\ControlBarcodeImageQuality\VisualBasic\ControlBarcodeImageQuality.vbproj", "{ED2835E0-E5D5-4F28-9641-7269FB31F3D1}"
EndProject
Project("{FAE04EC0-301F-11D3-BF4B-00C04F79EFBC}") = "SetBarcodeImageMargins", "ProgrammersGuide\WorkingWithBarcodeImage\BarcodeImageBasicFeatures\SetBarcodeImageMargins\VisualBasic\SetBarcodeImageMargins.vbproj", "{81D8B006-9F38-43C4-9190-7A960112B69C}"
EndProject
Project("{FAE04EC0-301F-11D3-BF4B-00C04F79EFBC}") = "DetectOrientationOfBarCode", "ProgrammersGuide\WorkingWithBarcodeImage\BarcodeImageBasicFeatures\DetectOrientationOfBarCode\VisualBasic\DetectOrientationOfBarCode.vbproj", "{33294057-96A3-4B0F-B3C2-3C2CE2F2F20F}"
EndProject
Project("{2150E333-8FDC-42A3-9474-1A3956D46DE8}") = "WorkingWithBarcode", "WorkingWithBarcode", "{066E609F-ECF8-462A-9B13-E5987DD1DE16}"
EndProject
Project("{2150E333-8FDC-42A3-9474-1A3956D46DE8}") = "BarcodeUtilityFeatures", "BarcodeUtilityFeatures", "{38C3B1E1-C42B-49E5-95AE-158F2CAA274C}"
EndProject
Project("{FAE04EC0-301F-11D3-BF4B-00C04F79EFBC}") = "ControlAppearanceOfCodeText", "ProgrammersGuide\WorkingWithBarcode\BarcodeUtilityFeatures\ControlAppearanceOfCodeText\VisualBasic\ControlAppearanceOfCodeText.vbproj", "{8705B1D1-FC08-4D39-983D-5D85A2CAF918}"
EndProject
Project("{FAE04EC0-301F-11D3-BF4B-00C04F79EFBC}") = "ManageCaptionOfBarcode", "ProgrammersGuide\WorkingWithBarcode\BarcodeUtilityFeatures\ManageCaptionOfBarcode\VisualBasic\ManageCaptionOfBarcode.vbproj", "{2DC27675-8DC8-4F24-B2A2-F9E81A4C8EB2}"
EndProject
Project("{FAE04EC0-301F-11D3-BF4B-00C04F79EFBC}") = "SpecifySymbologiesForBarcodes", "ProgrammersGuide\WorkingWithBarcode\BarcodeUtilityFeatures\SpecifySymbologiesForBarcodes\VisualBasic\SpecifySymbologiesForBarcodes.vbproj", "{C607B3FA-25D8-46C4-9786-4431577BAD8C}"
EndProject
Project("{2150E333-8FDC-42A3-9474-1A3956D46DE8}") = "BarcodeAdvancedFeatures", "BarcodeAdvancedFeatures", "{D399C59F-82EC-4A24-BA8B-307D27CC7315}"
EndProject
Project("{FAE04EC0-301F-11D3-BF4B-00C04F79EFBC}") = "SetHeightBarcodeBars", "ProgrammersGuide\WorkingWithBarcode\BarcodeAdvancedFeatures\SetHeightBarcodeBars\VisualBasic\SetHeightBarcodeBars.vbproj", "{29BE6BA4-5394-4C0A-A7F3-45174B420E01}"
EndProject
Project("{FAE04EC0-301F-11D3-BF4B-00C04F79EFBC}") = "ManageXYDimension", "ProgrammersGuide\WorkingWithBarcode\BarcodeAdvancedFeatures\ManageXYDimension\VisualBasic\ManageXYDimension.vbproj", "{2B3783BF-1B0E-4EA1-9496-6CBFBA6CDBD5}"
EndProject
Project("{FAE04EC0-301F-11D3-BF4B-00C04F79EFBC}") = "WideNarrowRatio", "ProgrammersGuide\WorkingWithBarcode\BarcodeAdvancedFeatures\WideNarrowRatio\VisualBasic\WideNarrowRatio.vbproj", "{7D5959D8-7933-4A8C-8078-CB2667D3C77E}"
EndProject
Project("{FAE04EC0-301F-11D3-BF4B-00C04F79EFBC}") = "GenerateAustraliaPostBarcode", "ProgrammersGuide\WorkingWithBarcode\BarcodeAdvancedFeatures\GenerateAustraliaPostBarcode\VisualBasic\GenerateAustraliaPostBarcode.vbproj", "{3F1C5116-447D-456E-9EB4-42BAFC6DA879}"
EndProject
Project("{FAE04EC0-301F-11D3-BF4B-00C04F79EFBC}") = "SetStartAndStopSymbolsOfCodabarBarcode", "ProgrammersGuide\WorkingWithBarcode\BarcodeAdvancedFeatures\SetStartAndStopSymbolsOfCodabarBarcode\VisualBasic\SetStartAndStopSymbolsOfCodabarBarcode.vbproj", "{0EEA2DE2-10F9-4A61-A0EA-F0BF262E73B1}"
EndProject
Project("{FAE04EC0-301F-11D3-BF4B-00C04F79EFBC}") = "UseChecksumAndSupplementData", "ProgrammersGuide\WorkingWithBarcode\BarcodeAdvancedFeatures\UseChecksumAndSupplementData\VisualBasic\UseChecksumAndSupplementData.vbproj", "{91368264-D3CD-4826-BC28-11AD6B0859B2}"
EndProject
Project("{FAE04EC0-301F-11D3-BF4B-00C04F79EFBC}") = "CustomizeCode128Barcodes", "ProgrammersGuide\WorkingWithBarcode\BarcodeAdvancedFeatures\CustomizeCode128Barcodes\VisualBasic\CustomizeCode128Barcodes.vbproj", "{928DC883-F7EE-41F7-A5A0-A1DA73D036E0}"
EndProject
Project("{2150E333-8FDC-42A3-9474-1A3956D46DE8}") = "KnowledgeBase", "KnowledgeBase", "{B316EEDA-9DBE-418C-90B3-C7EE0A0A9370}"
EndProject
Project("{2150E333-8FDC-42A3-9474-1A3956D46DE8}") = "TechnicalArticles", "TechnicalArticles", "{2DA379C7-7F5B-41DC-8607-92CFAE7EF318}"
EndProject
Project("{2150E333-8FDC-42A3-9474-1A3956D46DE8}") = "IntegrationWithAsposeComponents", "IntegrationWithAsposeComponents", "{5AE9CDA6-ABFB-4D70-968F-45FBFB52FD2C}"
EndProject
Project("{FAE04EC0-301F-11D3-BF4B-00C04F79EFBC}") = "IntegrateWithAsposeWords", "KnowledgeBase\TechnicalArticles\IntegrationWithAsposeComponents\IntegrateWithAsposeWords\VisualBasic\IntegrateWithAsposeWords.vbproj", "{4DEA0A10-AF02-490E-9AEC-0E90E6F0C371}"
EndProject
Project("{FAE04EC0-301F-11D3-BF4B-00C04F79EFBC}") = "RecognizeBarcodeFromPdf", "KnowledgeBase\TechnicalArticles\IntegrationWithAsposeComponents\RecognizeBarcodeFromPdf\VisualBasic\RecognizeBarcodeFromPdf.vbproj", "{8F2E6D0D-822E-45F7-8B81-6A46D847D187}"
EndProject
Project("{FAE04EC0-301F-11D3-BF4B-00C04F79EFBC}") = "RecognizeBarcodeFromWord", "KnowledgeBase\TechnicalArticles\IntegrationWithAsposeComponents\RecognizeBarcodeFromWord\VisualBasic\RecognizeBarcodeFromWord.vbproj", "{F90430BF-47A8-4A98-8B18-B4F6844F77A3}"
EndProject
Global
	GlobalSection(SolutionConfigurationPlatforms) = preSolution
		Debug|Any CPU = Debug|Any CPU
		Release|Any CPU = Release|Any CPU
	EndGlobalSection
	GlobalSection(ProjectConfigurationPlatforms) = postSolution
		{FAF58CC6-5B2A-4450-AF25-EB90CBFD68D7}.Debug|Any CPU.ActiveCfg = Debug|Any CPU
		{FAF58CC6-5B2A-4450-AF25-EB90CBFD68D7}.Debug|Any CPU.Build.0 = Debug|Any CPU
		{FAF58CC6-5B2A-4450-AF25-EB90CBFD68D7}.Release|Any CPU.ActiveCfg = Release|Any CPU
		{2F38D094-0E10-43E4-B2FD-440AC8C1EB83}.Debug|Any CPU.ActiveCfg = Debug|Any CPU
		{2F38D094-0E10-43E4-B2FD-440AC8C1EB83}.Debug|Any CPU.Build.0 = Debug|Any CPU
		{2F38D094-0E10-43E4-B2FD-440AC8C1EB83}.Release|Any CPU.ActiveCfg = Release|Any CPU
		{D9CA0557-DE66-447C-881F-666A119E1079}.Debug|Any CPU.ActiveCfg = Debug|Any CPU
		{D9CA0557-DE66-447C-881F-666A119E1079}.Debug|Any CPU.Build.0 = Debug|Any CPU
		{D9CA0557-DE66-447C-881F-666A119E1079}.Release|Any CPU.ActiveCfg = Release|Any CPU
		{FF6C08DC-94C8-43B8-A60A-F1A0ECBD4823}.Debug|Any CPU.ActiveCfg = Debug|Any CPU
		{FF6C08DC-94C8-43B8-A60A-F1A0ECBD4823}.Debug|Any CPU.Build.0 = Debug|Any CPU
		{FF6C08DC-94C8-43B8-A60A-F1A0ECBD4823}.Release|Any CPU.ActiveCfg = Release|Any CPU
		{232AFB03-A9EE-4BAF-99E6-81D9A2F2CA8F}.Debug|Any CPU.ActiveCfg = Debug|Any CPU
		{232AFB03-A9EE-4BAF-99E6-81D9A2F2CA8F}.Debug|Any CPU.Build.0 = Debug|Any CPU
		{232AFB03-A9EE-4BAF-99E6-81D9A2F2CA8F}.Release|Any CPU.ActiveCfg = Release|Any CPU
		{4BB2793F-4F9A-491B-B5AA-837CD18DD02E}.Debug|Any CPU.ActiveCfg = Debug|Any CPU
		{4BB2793F-4F9A-491B-B5AA-837CD18DD02E}.Debug|Any CPU.Build.0 = Debug|Any CPU
		{4BB2793F-4F9A-491B-B5AA-837CD18DD02E}.Release|Any CPU.ActiveCfg = Release|Any CPU
		{93E0D2B9-2901-4F6A-AEBD-A012824BFC35}.Debug|Any CPU.ActiveCfg = Debug|Any CPU
		{93E0D2B9-2901-4F6A-AEBD-A012824BFC35}.Debug|Any CPU.Build.0 = Debug|Any CPU
		{93E0D2B9-2901-4F6A-AEBD-A012824BFC35}.Release|Any CPU.ActiveCfg = Release|Any CPU
		{D73B0886-5E23-4E1E-9422-2674DA42726F}.Debug|Any CPU.ActiveCfg = Debug|Any CPU
		{D73B0886-5E23-4E1E-9422-2674DA42726F}.Debug|Any CPU.Build.0 = Debug|Any CPU
		{D73B0886-5E23-4E1E-9422-2674DA42726F}.Release|Any CPU.ActiveCfg = Release|Any CPU
		{ED2835E0-E5D5-4F28-9641-7269FB31F3D1}.Debug|Any CPU.ActiveCfg = Debug|Any CPU
		{ED2835E0-E5D5-4F28-9641-7269FB31F3D1}.Debug|Any CPU.Build.0 = Debug|Any CPU
		{ED2835E0-E5D5-4F28-9641-7269FB31F3D1}.Release|Any CPU.ActiveCfg = Release|Any CPU
		{81D8B006-9F38-43C4-9190-7A960112B69C}.Debug|Any CPU.ActiveCfg = Debug|Any CPU
		{81D8B006-9F38-43C4-9190-7A960112B69C}.Debug|Any CPU.Build.0 = Debug|Any CPU
		{81D8B006-9F38-43C4-9190-7A960112B69C}.Release|Any CPU.ActiveCfg = Release|Any CPU
		{33294057-96A3-4B0F-B3C2-3C2CE2F2F20F}.Debug|Any CPU.ActiveCfg = Debug|Any CPU
		{33294057-96A3-4B0F-B3C2-3C2CE2F2F20F}.Debug|Any CPU.Build.0 = Debug|Any CPU
		{33294057-96A3-4B0F-B3C2-3C2CE2F2F20F}.Release|Any CPU.ActiveCfg = Release|Any CPU
		{8705B1D1-FC08-4D39-983D-5D85A2CAF918}.Debug|Any CPU.ActiveCfg = Debug|Any CPU
		{8705B1D1-FC08-4D39-983D-5D85A2CAF918}.Debug|Any CPU.Build.0 = Debug|Any CPU
		{8705B1D1-FC08-4D39-983D-5D85A2CAF918}.Release|Any CPU.ActiveCfg = Release|Any CPU
		{2DC27675-8DC8-4F24-B2A2-F9E81A4C8EB2}.Debug|Any CPU.ActiveCfg = Debug|Any CPU
		{2DC27675-8DC8-4F24-B2A2-F9E81A4C8EB2}.Debug|Any CPU.Build.0 = Debug|Any CPU
		{2DC27675-8DC8-4F24-B2A2-F9E81A4C8EB2}.Release|Any CPU.ActiveCfg = Release|Any CPU
		{C607B3FA-25D8-46C4-9786-4431577BAD8C}.Debug|Any CPU.ActiveCfg = Debug|Any CPU
		{C607B3FA-25D8-46C4-9786-4431577BAD8C}.Debug|Any CPU.Build.0 = Debug|Any CPU
		{C607B3FA-25D8-46C4-9786-4431577BAD8C}.Release|Any CPU.ActiveCfg = Release|Any CPU
		{45232CAE-87F8-41A9-9D3A-14B0C9695CAF}.Debug|Any CPU.ActiveCfg = Debug|Any CPU
		{45232CAE-87F8-41A9-9D3A-14B0C9695CAF}.Debug|Any CPU.Build.0 = Debug|Any CPU
		{45232CAE-87F8-41A9-9D3A-14B0C9695CAF}.Release|Any CPU.ActiveCfg = Release|Any CPU
		{29BE6BA4-5394-4C0A-A7F3-45174B420E01}.Debug|Any CPU.ActiveCfg = Debug|Any CPU
		{29BE6BA4-5394-4C0A-A7F3-45174B420E01}.Debug|Any CPU.Build.0 = Debug|Any CPU
		{29BE6BA4-5394-4C0A-A7F3-45174B420E01}.Release|Any CPU.ActiveCfg = Release|Any CPU
		{2B3783BF-1B0E-4EA1-9496-6CBFBA6CDBD5}.Debug|Any CPU.ActiveCfg = Debug|Any CPU
		{2B3783BF-1B0E-4EA1-9496-6CBFBA6CDBD5}.Debug|Any CPU.Build.0 = Debug|Any CPU
		{2B3783BF-1B0E-4EA1-9496-6CBFBA6CDBD5}.Release|Any CPU.ActiveCfg = Release|Any CPU
		{7D5959D8-7933-4A8C-8078-CB2667D3C77E}.Debug|Any CPU.ActiveCfg = Debug|Any CPU
		{7D5959D8-7933-4A8C-8078-CB2667D3C77E}.Debug|Any CPU.Build.0 = Debug|Any CPU
		{7D5959D8-7933-4A8C-8078-CB2667D3C77E}.Release|Any CPU.ActiveCfg = Release|Any CPU
		{3F1C5116-447D-456E-9EB4-42BAFC6DA879}.Debug|Any CPU.ActiveCfg = Debug|Any CPU
		{3F1C5116-447D-456E-9EB4-42BAFC6DA879}.Debug|Any CPU.Build.0 = Debug|Any CPU
		{3F1C5116-447D-456E-9EB4-42BAFC6DA879}.Release|Any CPU.ActiveCfg = Release|Any CPU
		{0EEA2DE2-10F9-4A61-A0EA-F0BF262E73B1}.Debug|Any CPU.ActiveCfg = Debug|Any CPU
		{0EEA2DE2-10F9-4A61-A0EA-F0BF262E73B1}.Debug|Any CPU.Build.0 = Debug|Any CPU
		{0EEA2DE2-10F9-4A61-A0EA-F0BF262E73B1}.Release|Any CPU.ActiveCfg = Release|Any CPU
		{91368264-D3CD-4826-BC28-11AD6B0859B2}.Debug|Any CPU.ActiveCfg = Debug|Any CPU
		{91368264-D3CD-4826-BC28-11AD6B0859B2}.Debug|Any CPU.Build.0 = Debug|Any CPU
		{91368264-D3CD-4826-BC28-11AD6B0859B2}.Release|Any CPU.ActiveCfg = Release|Any CPU
		{928DC883-F7EE-41F7-A5A0-A1DA73D036E0}.Debug|Any CPU.ActiveCfg = Debug|Any CPU
		{928DC883-F7EE-41F7-A5A0-A1DA73D036E0}.Debug|Any CPU.Build.0 = Debug|Any CPU
		{928DC883-F7EE-41F7-A5A0-A1DA73D036E0}.Release|Any CPU.ActiveCfg = Release|Any CPU
		{4DEA0A10-AF02-490E-9AEC-0E90E6F0C371}.Debug|Any CPU.ActiveCfg = Debug|Any CPU
		{4DEA0A10-AF02-490E-9AEC-0E90E6F0C371}.Debug|Any CPU.Build.0 = Debug|Any CPU
		{4DEA0A10-AF02-490E-9AEC-0E90E6F0C371}.Release|Any CPU.ActiveCfg = Release|Any CPU
		{8F2E6D0D-822E-45F7-8B81-6A46D847D187}.Debug|Any CPU.ActiveCfg = Debug|Any CPU
		{8F2E6D0D-822E-45F7-8B81-6A46D847D187}.Debug|Any CPU.Build.0 = Debug|Any CPU
		{8F2E6D0D-822E-45F7-8B81-6A46D847D187}.Release|Any CPU.ActiveCfg = Release|Any CPU
		{F90430BF-47A8-4A98-8B18-B4F6844F77A3}.Debug|Any CPU.ActiveCfg = Debug|Any CPU
		{F90430BF-47A8-4A98-8B18-B4F6844F77A3}.Debug|Any CPU.Build.0 = Debug|Any CPU
		{F90430BF-47A8-4A98-8B18-B4F6844F77A3}.Release|Any CPU.ActiveCfg = Release|Any CPU
		{99ACDFA0-1CDE-445D-AF43-6EC591F78CA3}.Debug|Any CPU.ActiveCfg = Debug|Any CPU
		{99ACDFA0-1CDE-445D-AF43-6EC591F78CA3}.Debug|Any CPU.Build.0 = Debug|Any CPU
		{99ACDFA0-1CDE-445D-AF43-6EC591F78CA3}.Release|Any CPU.ActiveCfg = Release|Any CPU
	EndGlobalSection
	GlobalSection(SolutionProperties) = preSolution
		HideSolutionNode = FALSE
	EndGlobalSection
	GlobalSection(NestedProjects) = preSolution
		{87614FD7-6513-4D17-A5FF-8C64CA7B0B66} = {CAC6624D-89D6-4FA1-B476-AE174A140C58}
		{123A6058-97B9-4C93-B575-75B2BBAE3CEF} = {87614FD7-6513-4D17-A5FF-8C64CA7B0B66}
		{FAF58CC6-5B2A-4450-AF25-EB90CBFD68D7} = {123A6058-97B9-4C93-B575-75B2BBAE3CEF}
		{2F38D094-0E10-43E4-B2FD-440AC8C1EB83} = {123A6058-97B9-4C93-B575-75B2BBAE3CEF}
		{D9CA0557-DE66-447C-881F-666A119E1079} = {123A6058-97B9-4C93-B575-75B2BBAE3CEF}
		{FF6C08DC-94C8-43B8-A60A-F1A0ECBD4823} = {123A6058-97B9-4C93-B575-75B2BBAE3CEF}
		{232AFB03-A9EE-4BAF-99E6-81D9A2F2CA8F} = {123A6058-97B9-4C93-B575-75B2BBAE3CEF}
		{F4CAEB63-281A-4A6A-A708-B5D5C2CBB84B} = {87614FD7-6513-4D17-A5FF-8C64CA7B0B66}
		{4BB2793F-4F9A-491B-B5AA-837CD18DD02E} = {F4CAEB63-281A-4A6A-A708-B5D5C2CBB84B}
		{93E0D2B9-2901-4F6A-AEBD-A012824BFC35} = {F4CAEB63-281A-4A6A-A708-B5D5C2CBB84B}
		{D73B0886-5E23-4E1E-9422-2674DA42726F} = {F4CAEB63-281A-4A6A-A708-B5D5C2CBB84B}
		{ED2835E0-E5D5-4F28-9641-7269FB31F3D1} = {F4CAEB63-281A-4A6A-A708-B5D5C2CBB84B}
		{81D8B006-9F38-43C4-9190-7A960112B69C} = {F4CAEB63-281A-4A6A-A708-B5D5C2CBB84B}
		{33294057-96A3-4B0F-B3C2-3C2CE2F2F20F} = {F4CAEB63-281A-4A6A-A708-B5D5C2CBB84B}
		{066E609F-ECF8-462A-9B13-E5987DD1DE16} = {CAC6624D-89D6-4FA1-B476-AE174A140C58}
		{38C3B1E1-C42B-49E5-95AE-158F2CAA274C} = {066E609F-ECF8-462A-9B13-E5987DD1DE16}
		{8705B1D1-FC08-4D39-983D-5D85A2CAF918} = {38C3B1E1-C42B-49E5-95AE-158F2CAA274C}
		{2DC27675-8DC8-4F24-B2A2-F9E81A4C8EB2} = {38C3B1E1-C42B-49E5-95AE-158F2CAA274C}
		{C607B3FA-25D8-46C4-9786-4431577BAD8C} = {38C3B1E1-C42B-49E5-95AE-158F2CAA274C}
		{45232CAE-87F8-41A9-9D3A-14B0C9695CAF} = {38C3B1E1-C42B-49E5-95AE-158F2CAA274C}
		{D399C59F-82EC-4A24-BA8B-307D27CC7315} = {066E609F-ECF8-462A-9B13-E5987DD1DE16}
		{29BE6BA4-5394-4C0A-A7F3-45174B420E01} = {D399C59F-82EC-4A24-BA8B-307D27CC7315}
		{2B3783BF-1B0E-4EA1-9496-6CBFBA6CDBD5} = {D399C59F-82EC-4A24-BA8B-307D27CC7315}
		{7D5959D8-7933-4A8C-8078-CB2667D3C77E} = {D399C59F-82EC-4A24-BA8B-307D27CC7315}
		{3F1C5116-447D-456E-9EB4-42BAFC6DA879} = {D399C59F-82EC-4A24-BA8B-307D27CC7315}
		{0EEA2DE2-10F9-4A61-A0EA-F0BF262E73B1} = {D399C59F-82EC-4A24-BA8B-307D27CC7315}
		{91368264-D3CD-4826-BC28-11AD6B0859B2} = {D399C59F-82EC-4A24-BA8B-307D27CC7315}
		{928DC883-F7EE-41F7-A5A0-A1DA73D036E0} = {D399C59F-82EC-4A24-BA8B-307D27CC7315}
		{2DA379C7-7F5B-41DC-8607-92CFAE7EF318} = {B316EEDA-9DBE-418C-90B3-C7EE0A0A9370}
		{5AE9CDA6-ABFB-4D70-968F-45FBFB52FD2C} = {2DA379C7-7F5B-41DC-8607-92CFAE7EF318}
		{4DEA0A10-AF02-490E-9AEC-0E90E6F0C371} = {5AE9CDA6-ABFB-4D70-968F-45FBFB52FD2C}
		{8F2E6D0D-822E-45F7-8B81-6A46D847D187} = {5AE9CDA6-ABFB-4D70-968F-45FBFB52FD2C}
		{F90430BF-47A8-4A98-8B18-B4F6844F77A3} = {5AE9CDA6-ABFB-4D70-968F-45FBFB52FD2C}
		{99ACDFA0-1CDE-445D-AF43-6EC591F78CA3} = {5AE9CDA6-ABFB-4D70-968F-45FBFB52FD2C}
	EndGlobalSection
EndGlobal
