
Microsoft Visual Studio Solution File, Format Version 11.00
# Visual Studio 2010
Project("{FAE04EC0-301F-11D3-BF4B-00C04F79EFBC}") = "RecognizeBarcodeFromWord", "RecognizeBarcodeFromWord.csproj", "{F90430BF-47A8-4A98-8B18-B4F6844F77A3}"
EndProject
Global
	GlobalSection(SolutionConfigurationPlatforms) = preSolution
		Debug|Any CPU = Debug|Any CPU
		Release|Any CPU = Release|Any CPU
	EndGlobalSection
	GlobalSection(ProjectConfigurationPlatforms) = postSolution
		{F90430BF-47A8-4A98-8B18-B4F6844F77A3}.Debug|Any CPU.ActiveCfg = Debug|Any CPU
		{F90430BF-47A8-4A98-8B18-B4F6844F77A3}.Debug|Any CPU.Build.0 = Debug|Any CPU
		{F90430BF-47A8-4A98-8B18-B4F6844F77A3}.Release|Any CPU.ActiveCfg = Release|Any CPU
		{F90430BF-47A8-4A98-8B18-B4F6844F77A3}.Release|Any CPU.Build.0 = Release|Any CPU
	EndGlobalSection
	GlobalSection(SolutionProperties) = preSolution
		HideSolutionNode = FALSE
	EndGlobalSection
EndGlobal
